Microsoft Visual Studio Solution File, Format Version 12.00
# Visual Studio Version 17
VisualStudioVersion = 17.5.2.0
MinimumVisualStudioVersion = 10.0.40219.1
Project("{FAE04EC0-301F-11D3-BF4B-00C04F79EFBC}") = "CareerAdvisorApp", "CareerAdvisorApp\CareerAdvisorApp.csproj", "{FC5545D2-1340-E736-57D6-1E513C323A21}"
EndProject
Global
	GlobalSection(SolutionConfigurationPlatforms) = preSolution
		Debug|Any CPU = Debug|Any CPU
		Release|Any CPU = Release|Any CPU
	EndGlobalSection
	GlobalSection(ProjectConfigurationPlatforms) = postSolution
		{FC5545D2-1340-E736-57D6-1E513C323A21}.Debug|Any CPU.ActiveCfg = Debug|Any CPU
		{FC5545D2-1340-E736-57D6-1E513C323A21}.Debug|Any CPU.Build.0 = Debug|Any CPU
		{FC5545D2-1340-E736-57D6-1E513C323A21}.Release|Any CPU.ActiveCfg = Release|Any CPU
		{FC5545D2-1340-E736-57D6-1E513C323A21}.Release|Any CPU.Build.0 = Release|Any CPU
	EndGlobalSection
	GlobalSection(SolutionProperties) = preSolution
		HideSolutionNode = FALSE
	EndGlobalSection
	GlobalSection(ExtensibilityGlobals) = postSolution
		SolutionGuid = {DA902065-AE4D-4C8B-8D28-ABF69C2C6C72}
	EndGlobalSection
EndGlobal
